
Microsoft Visual Studio Solution File, Format Version 12.00
# Visual Studio Version 17
VisualStudioVersion = 17.11.35312.102
MinimumVisualStudioVersion = 10.0.40219.1
Project("{FAE04EC0-301F-11D3-BF4B-00C04F79EFBC}") = "WinterExam2025", "WinterExam2025\WinterExam2025.csproj", "{38AB1206-CA3E-4AC2-B965-DBE4A3419B46}"
EndProject
Global
	GlobalSection(SolutionConfigurationPlatforms) = preSolution
		Debug|Any CPU = Debug|Any CPU
		Release|Any CPU = Release|Any CPU
	EndGlobalSection
	GlobalSection(ProjectConfigurationPlatforms) = postSolution
		{38AB1206-CA3E-4AC2-B965-DBE4A3419B46}.Debug|Any CPU.ActiveCfg = Debug|Any CPU
		{38AB1206-CA3E-4AC2-B965-DBE4A3419B46}.Debug|Any CPU.Build.0 = Debug|Any CPU
		{38AB1206-CA3E-4AC2-B965-DBE4A3419B46}.Release|Any CPU.ActiveCfg = Release|Any CPU
		{38AB1206-CA3E-4AC2-B965-DBE4A3419B46}.Release|Any CPU.Build.0 = Release|Any CPU
	EndGlobalSection
	GlobalSection(SolutionProperties) = preSolution
		HideSolutionNode = FALSE
	EndGlobalSection
	GlobalSection(ExtensibilityGlobals) = postSolution
		SolutionGuid = {36A8E4AF-8AB8-46E9-A9AF-4EF57FE47DC3}
	EndGlobalSection
EndGlobal
